
Microsoft Visual Studio Solution File, Format Version 12.00
# Visual Studio Version 16
VisualStudioVersion = 16.0.32126.315
MinimumVisualStudioVersion = 10.0.40219.1
Project("{FAE04EC0-301F-11D3-BF4B-00C04F79EFBC}") = "BuiThiHai_2019606166", "BuiThiHai_2019606166.csproj", "{FA655BD6-5343-4895-9EF6-0D4C3907C933}"
EndProject
Global
	GlobalSection(SolutionConfigurationPlatforms) = preSolution
		Debug|Any CPU = Debug|Any CPU
		Release|Any CPU = Release|Any CPU
	EndGlobalSection
	GlobalSection(ProjectConfigurationPlatforms) = postSolution
		{FA655BD6-5343-4895-9EF6-0D4C3907C933}.Debug|Any CPU.ActiveCfg = Debug|Any CPU
		{FA655BD6-5343-4895-9EF6-0D4C3907C933}.Debug|Any CPU.Build.0 = Debug|Any CPU
		{FA655BD6-5343-4895-9EF6-0D4C3907C933}.Release|Any CPU.ActiveCfg = Release|Any CPU
		{FA655BD6-5343-4895-9EF6-0D4C3907C933}.Release|Any CPU.Build.0 = Release|Any CPU
	EndGlobalSection
	GlobalSection(SolutionProperties) = preSolution
		HideSolutionNode = FALSE
	EndGlobalSection
	GlobalSection(ExtensibilityGlobals) = postSolution
		SolutionGuid = {1608DC18-8662-4E8F-BA3C-171BC8B98C1A}
	EndGlobalSection
EndGlobal
